
Microsoft Visual Studio Solution File, Format Version 12.00
# Visual Studio 15
VisualStudioVersion = 15.0.27703.2026
MinimumVisualStudioVersion = 10.0.40219.1
Project("{FAE04EC0-301F-11D3-BF4B-00C04F79EFBC}") = "SmartKitchen_1", "SmartKitchen_1\SmartKitchen_1.csproj", "{9E63754D-2F0D-482D-B43B-C27CFF485EF7}"
EndProject
Global
	GlobalSection(SolutionConfigurationPlatforms) = preSolution
		Debug|Any CPU = Debug|Any CPU
		Release|Any CPU = Release|Any CPU
	EndGlobalSection
	GlobalSection(ProjectConfigurationPlatforms) = postSolution
		{9E63754D-2F0D-482D-B43B-C27CFF485EF7}.Debug|Any CPU.ActiveCfg = Debug|Any CPU
		{9E63754D-2F0D-482D-B43B-C27CFF485EF7}.Debug|Any CPU.Build.0 = Debug|Any CPU
		{9E63754D-2F0D-482D-B43B-C27CFF485EF7}.Release|Any CPU.ActiveCfg = Release|Any CPU
		{9E63754D-2F0D-482D-B43B-C27CFF485EF7}.Release|Any CPU.Build.0 = Release|Any CPU
	EndGlobalSection
	GlobalSection(SolutionProperties) = preSolution
		HideSolutionNode = FALSE
	EndGlobalSection
	GlobalSection(ExtensibilityGlobals) = postSolution
		SolutionGuid = {C58D07CE-193A-4D97-B3B9-37C05B9A722C}
	EndGlobalSection
EndGlobal
